// !$*UTF8*$!
{
	archiveVersion = 1;
	classes = {
	};
	objectVersion = 50;
	objects = {

/* Begin PBXBuildFile section */
		C133E2C723E97D17002758A5 /* YMVideoPlayer.h in Headers */ = {isa = PBXBuildFile; fileRef = C133E2C523E97D17002758A5 /* YMVideoPlayer.h */; settings = {ATTRIBUTES = (Public, ); }; };
		C133E2DA23E97D61002758A5 /* YMVideoControllers.swift in Sources */ = {isa = PBXBuildFile; fileRef = C133E2CE23E97D61002758A5 /* YMVideoControllers.swift */; };
		C133E2DB23E97D61002758A5 /* StringExtension.swift in Sources */ = {isa = PBXBuildFile; fileRef = C133E2D023E97D61002758A5 /* StringExtension.swift */; };
		C133E2DC23E97D61002758A5 /* YMVideoPlayer.xib in Resources */ = {isa = PBXBuildFile; fileRef = C133E2D223E97D61002758A5 /* YMVideoPlayer.xib */; };
		C133E2DD23E97D61002758A5 /* YMVideoPlayer.swift in Sources */ = {isa = PBXBuildFile; fileRef = C133E2D323E97D61002758A5 /* YMVideoPlayer.swift */; };
		C133E2DE23E97D61002758A5 /* YMVideoControllersDelegate.swift in Sources */ = {isa = PBXBuildFile; fileRef = C133E2D523E97D61002758A5 /* YMVideoControllersDelegate.swift */; };
		C133E2DF23E97D61002758A5 /* YMPlayerDataSource.swift in Sources */ = {isa = PBXBuildFile; fileRef = C133E2D623E97D61002758A5 /* YMPlayerDataSource.swift */; };
		C133E2E023E97D61002758A5 /* Constats.swift in Sources */ = {isa = PBXBuildFile; fileRef = C133E2D823E97D61002758A5 /* Constats.swift */; };
		C133E2E123E97D61002758A5 /* YMPlayerManager.swift in Sources */ = {isa = PBXBuildFile; fileRef = C133E2D923E97D61002758A5 /* YMPlayerManager.swift */; };
		C133E2E323E97D73002758A5 /* YMPlayerViewController.swift in Sources */ = {isa = PBXBuildFile; fileRef = C133E2E223E97D73002758A5 /* YMPlayerViewController.swift */; };
		C133E2F623E9815F002758A5 /* Assets.xcassets in Resources */ = {isa = PBXBuildFile; fileRef = C133E2F523E9815F002758A5 /* Assets.xcassets */; };
		C133E2FE23E987C3002758A5 /* PopAnimator.swift in Sources */ = {isa = PBXBuildFile; fileRef = C133E2FD23E987C3002758A5 /* PopAnimator.swift */; };
/* End PBXBuildFile section */

/* Begin PBXFileReference section */
		C133E2C223E97D17002758A5 /* YMVideoPlayer.framework */ = {isa = PBXFileReference; explicitFileType = wrapper.framework; includeInIndex = 0; path = YMVideoPlayer.framework; sourceTree = BUILT_PRODUCTS_DIR; };
		C133E2C523E97D17002758A5 /* YMVideoPlayer.h */ = {isa = PBXFileReference; lastKnownFileType = sourcecode.c.h; path = YMVideoPlayer.h; sourceTree = "<group>"; };
		C133E2C623E97D17002758A5 /* Info.plist */ = {isa = PBXFileReference; lastKnownFileType = text.plist.xml; path = Info.plist; sourceTree = "<group>"; };
		C133E2CE23E97D61002758A5 /* YMVideoControllers.swift */ = {isa = PBXFileReference; fileEncoding = 4; lastKnownFileType = sourcecode.swift; path = YMVideoControllers.swift; sourceTree = "<group>"; };
		C133E2D023E97D61002758A5 /* StringExtension.swift */ = {isa = PBXFileReference; fileEncoding = 4; lastKnownFileType = sourcecode.swift; path = StringExtension.swift; sourceTree = "<group>"; };
		C133E2D223E97D61002758A5 /* YMVideoPlayer.xib */ = {isa = PBXFileReference; fileEncoding = 4; lastKnownFileType = file.xib; path = YMVideoPlayer.xib; sourceTree = "<group>"; };
		C133E2D323E97D61002758A5 /* YMVideoPlayer.swift */ = {isa = PBXFileReference; fileEncoding = 4; lastKnownFileType = sourcecode.swift; path = YMVideoPlayer.swift; sourceTree = "<group>"; };
		C133E2D523E97D61002758A5 /* YMVideoControllersDelegate.swift */ = {isa = PBXFileReference; fileEncoding = 4; lastKnownFileType = sourcecode.swift; path = YMVideoControllersDelegate.swift; sourceTree = "<group>"; };
		C133E2D623E97D61002758A5 /* YMPlayerDataSource.swift */ = {isa = PBXFileReference; fileEncoding = 4; lastKnownFileType = sourcecode.swift; path = YMPlayerDataSource.swift; sourceTree = "<group>"; };
		C133E2D823E97D61002758A5 /* Constats.swift */ = {isa = PBXFileReference; fileEncoding = 4; lastKnownFileType = sourcecode.swift; path = Constats.swift; sourceTree = "<group>"; };
		C133E2D923E97D61002758A5 /* YMPlayerManager.swift */ = {isa = PBXFileReference; fileEncoding = 4; lastKnownFileType = sourcecode.swift; path = YMPlayerManager.swift; sourceTree = "<group>"; };
		C133E2E223E97D73002758A5 /* YMPlayerViewController.swift */ = {isa = PBXFileReference; fileEncoding = 4; lastKnownFileType = sourcecode.swift; path = YMPlayerViewController.swift; sourceTree = "<group>"; };
		C133E2F523E9815F002758A5 /* Assets.xcassets */ = {isa = PBXFileReference; lastKnownFileType = folder.assetcatalog; path = Assets.xcassets; sourceTree = "<group>"; };
		C133E2FD23E987C3002758A5 /* PopAnimator.swift */ = {isa = PBXFileReference; fileEncoding = 4; lastKnownFileType = sourcecode.swift; path = PopAnimator.swift; sourceTree = "<group>"; };
/* End PBXFileReference section */

/* Begin PBXFrameworksBuildPhase section */
		C133E2BF23E97D17002758A5 /* Frameworks */ = {
			isa = PBXFrameworksBuildPhase;
			buildActionMask = 2147483647;
			files = (
			);
			runOnlyForDeploymentPostprocessing = 0;
		};
/* End PBXFrameworksBuildPhase section */

/* Begin PBXGroup section */
		C133E2B823E97D17002758A5 = {
			isa = PBXGroup;
			children = (
				C133E2C423E97D17002758A5 /* YMVideoPlayer */,
				C133E2C323E97D17002758A5 /* Products */,
			);
			sourceTree = "<group>";
		};
		C133E2C323E97D17002758A5 /* Products */ = {
			isa = PBXGroup;
			children = (
				C133E2C223E97D17002758A5 /* YMVideoPlayer.framework */,
			);
			name = Products;
			sourceTree = "<group>";
		};
		C133E2C423E97D17002758A5 /* YMVideoPlayer */ = {
			isa = PBXGroup;
			children = (
				C133E2FC23E987B8002758A5 /* Animation */,
				C133E2CF23E97D61002758A5 /* Extension */,
				C133E2D423E97D61002758A5 /* Protocols */,
				C133E2D123E97D61002758A5 /* VideoPlayer */,
				C133E2D723E97D61002758A5 /* YMPlayerManager */,
				C133E2CD23E97D61002758A5 /* YMVideoControllers */,
				C133E2E223E97D73002758A5 /* YMPlayerViewController.swift */,
				C133E2F523E9815F002758A5 /* Assets.xcassets */,
				C133E2C523E97D17002758A5 /* YMVideoPlayer.h */,
				C133E2C623E97D17002758A5 /* Info.plist */,
			);
			path = YMVideoPlayer;
			sourceTree = "<group>";
		};
		C133E2CD23E97D61002758A5 /* YMVideoControllers */ = {
			isa = PBXGroup;
			children = (
				C133E2CE23E97D61002758A5 /* YMVideoControllers.swift */,
			);
			path = YMVideoControllers;
			sourceTree = "<group>";
		};
		C133E2CF23E97D61002758A5 /* Extension */ = {
			isa = PBXGroup;
			children = (
				C133E2D023E97D61002758A5 /* StringExtension.swift */,
			);
			path = Extension;
			sourceTree = "<group>";
		};
		C133E2D123E97D61002758A5 /* VideoPlayer */ = {
			isa = PBXGroup;
			children = (
				C133E2D223E97D61002758A5 /* YMVideoPlayer.xib */,
				C133E2D323E97D61002758A5 /* YMVideoPlayer.swift */,
			);
			path = VideoPlayer;
			sourceTree = "<group>";
		};
		C133E2D423E97D61002758A5 /* Protocols */ = {
			isa = PBXGroup;
			children = (
				C133E2D523E97D61002758A5 /* YMVideoControllersDelegate.swift */,
				C133E2D623E97D61002758A5 /* YMPlayerDataSource.swift */,
			);
			path = Protocols;
			sourceTree = "<group>";
		};
		C133E2D723E97D61002758A5 /* YMPlayerManager */ = {
			isa = PBXGroup;
			children = (
				C133E2D823E97D61002758A5 /* Constats.swift */,
				C133E2D923E97D61002758A5 /* YMPlayerManager.swift */,
			);
			path = YMPlayerManager;
			sourceTree = "<group>";
		};
		C133E2FC23E987B8002758A5 /* Animation */ = {
			isa = PBXGroup;
			children = (
				C133E2FD23E987C3002758A5 /* PopAnimator.swift */,
			);
			path = Animation;
			sourceTree = "<group>";
		};
/* End PBXGroup section */

/* Begin PBXHeadersBuildPhase section */
		C133E2BD23E97D17002758A5 /* Headers */ = {
			isa = PBXHeadersBuildPhase;
			buildActionMask = 2147483647;
			files = (
				C133E2C723E97D17002758A5 /* YMVideoPlayer.h in Headers */,
			);
			runOnlyForDeploymentPostprocessing = 0;
		};
/* End PBXHeadersBuildPhase section */

/* Begin PBXNativeTarget section */
		C133E2C123E97D17002758A5 /* YMVideoPlayer */ = {
			isa = PBXNativeTarget;
			buildConfigurationList = C133E2CA23E97D17002758A5 /* Build configuration list for PBXNativeTarget "YMVideoPlayer" */;
			buildPhases = (
				C133E2BD23E97D17002758A5 /* Headers */,
				C133E2BE23E97D17002758A5 /* Sources */,
				C133E2BF23E97D17002758A5 /* Frameworks */,
				C133E2C023E97D17002758A5 /* Resources */,
			);
			buildRules = (
			);
			dependencies = (
			);
			name = YMVideoPlayer;
			productName = YMVideoPlayer;
			productReference = C133E2C223E97D17002758A5 /* YMVideoPlayer.framework */;
			productType = "com.apple.product-type.framework";
		};
/* End PBXNativeTarget section */

/* Begin PBXProject section */
		C133E2B923E97D17002758A5 /* Project object */ = {
			isa = PBXProject;
			attributes = {
				LastUpgradeCheck = 1130;
				ORGANIZATIONNAME = yasheed;
				TargetAttributes = {
					C133E2C123E97D17002758A5 = {
						CreatedOnToolsVersion = 11.3.1;
					};
				};
			};
			buildConfigurationList = C133E2BC23E97D17002758A5 /* Build configuration list for PBXProject "YMVideoPlayer" */;
			compatibilityVersion = "Xcode 9.3";
			developmentRegion = en;
			hasScannedForEncodings = 0;
			knownRegions = (
				en,
				Base,
			);
			mainGroup = C133E2B823E97D17002758A5;
			productRefGroup = C133E2C323E97D17002758A5 /* Products */;
			projectDirPath = "";
			projectRoot = "";
			targets = (
				C133E2C123E97D17002758A5 /* YMVideoPlayer */,
			);
		};
/* End PBXProject section */

/* Begin PBXResourcesBuildPhase section */
		C133E2C023E97D17002758A5 /* Resources */ = {
			isa = PBXResourcesBuildPhase;
			buildActionMask = 2147483647;
			files = (
				C133E2F623E9815F002758A5 /* Assets.xcassets in Resources */,
				C133E2DC23E97D61002758A5 /* YMVideoPlayer.xib in Resources */,
			);
			runOnlyForDeploymentPostprocessing = 0;
		};
/* End PBXResourcesBuildPhase section */

/* Begin PBXSourcesBuildPhase section */
		C133E2BE23E97D17002758A5 /* Sources */ = {
			isa = PBXSourcesBuildPhase;
			buildActionMask = 2147483647;
			files = (
				C133E2DF23E97D61002758A5 /* YMPlayerDataSource.swift in Sources */,
				C133E2FE23E987C3002758A5 /* PopAnimator.swift in Sources */,
				C133E2E323E97D73002758A5 /* YMPlayerViewController.swift in Sources */,
				C133E2DE23E97D61002758A5 /* YMVideoControllersDelegate.swift in Sources */,
				C133E2E023E97D61002758A5 /* Constats.swift in Sources */,
				C133E2DD23E97D61002758A5 /* YMVideoPlayer.swift in Sources */,
				C133E2DB23E97D61002758A5 /* StringExtension.swift in Sources */,
				C133E2DA23E97D61002758A5 /* YMVideoControllers.swift in Sources */,
				C133E2E123E97D61002758A5 /* YMPlayerManager.swift in Sources */,
			);
			runOnlyForDeploymentPostprocessing = 0;
		};
/* End PBXSourcesBuildPhase section */

/* Begin XCBuildConfiguration section */
		C133E2C823E97D17002758A5 /* Debug */ = {
			isa = XCBuildConfiguration;
			buildSettings = {
				ALWAYS_SEARCH_USER_PATHS = NO;
				CLANG_ANALYZER_NONNULL = YES;
				CLANG_ANALYZER_NUMBER_OBJECT_CONVERSION = YES_AGGRESSIVE;
				CLANG_CXX_LANGUAGE_STANDARD = "gnu++14";
				CLANG_CXX_LIBRARY = "libc++";
				CLANG_ENABLE_MODULES = YES;
				CLANG_ENABLE_OBJC_ARC = YES;
				CLANG_ENABLE_OBJC_WEAK = YES;
				CLANG_WARN_BLOCK_CAPTURE_AUTORELEASING = YES;
				CLANG_WARN_BOOL_CONVERSION = YES;
				CLANG_WARN_COMMA = YES;
				CLANG_WARN_CONSTANT_CONVERSION = YES;
				CLANG_WARN_DEPRECATED_OBJC_IMPLEMENTATIONS = YES;
				CLANG_WARN_DIRECT_OBJC_ISA_USAGE = YES_ERROR;
				CLANG_WARN_DOCUMENTATION_COMMENTS = YES;
				CLANG_WARN_EMPTY_BODY = YES;
				CLANG_WARN_ENUM_CONVERSION = YES;
				CLANG_WARN_INFINITE_RECURSION = YES;
				CLANG_WARN_INT_CONVERSION = YES;
				CLANG_WARN_NON_LITERAL_NULL_CONVERSION = YES;
				CLANG_WARN_OBJC_IMPLICIT_RETAIN_SELF = YES;
				CLANG_WARN_OBJC_LITERAL_CONVERSION = YES;
				CLANG_WARN_OBJC_ROOT_CLASS = YES_ERROR;
				CLANG_WARN_RANGE_LOOP_ANALYSIS = YES;
				CLANG_WARN_STRICT_PROTOTYPES = YES;
				CLANG_WARN_SUSPICIOUS_MOVE = YES;
				CLANG_WARN_UNGUARDED_AVAILABILITY = YES_AGGRESSIVE;
				CLANG_WARN_UNREACHABLE_CODE = YES;
				CLANG_WARN__DUPLICATE_METHOD_MATCH = YES;
				COPY_PHASE_STRIP = NO;
				CURRENT_PROJECT_VERSION = 1;
				DEBUG_INFORMATION_FORMAT = dwarf;
				ENABLE_STRICT_OBJC_MSGSEND = YES;
				ENABLE_TESTABILITY = YES;
				GCC_C_LANGUAGE_STANDARD = gnu11;
				GCC_DYNAMIC_NO_PIC = NO;
				GCC_NO_COMMON_BLOCKS = YES;
				GCC_OPTIMIZATION_LEVEL = 0;
				GCC_PREPROCESSOR_DEFINITIONS = (
					"DEBUG=1",
					"$(inherited)",
				);
				GCC_WARN_64_TO_32_BIT_CONVERSION = YES;
				GCC_WARN_ABOUT_RETURN_TYPE = YES_ERROR;
				GCC_WARN_UNDECLARED_SELECTOR = YES;
				GCC_WARN_UNINITIALIZED_AUTOS = YES_AGGRESSIVE;
				GCC_WARN_UNUSED_FUNCTION = YES;
				GCC_WARN_UNUSED_VARIABLE = YES;
				IPHONEOS_DEPLOYMENT_TARGET = 13.2;
				MTL_ENABLE_DEBUG_INFO = INCLUDE_SOURCE;
				MTL_FAST_MATH = YES;
				ONLY_ACTIVE_ARCH = YES;
				SDKROOT = iphoneos;
				SWIFT_ACTIVE_COMPILATION_CONDITIONS = DEBUG;
				SWIFT_OPTIMIZATION_LEVEL = "-Onone";
				VERSIONING_SYSTEM = "apple-generic";
				VERSION_INFO_PREFIX = "";
			};
			name = Debug;
		};
		C133E2C923E97D17002758A5 /* Release */ = {
			isa = XCBuildConfiguration;
			buildSettings = {
				ALWAYS_SEARCH_USER_PATHS = NO;
				CLANG_ANALYZER_NONNULL = YES;
				CLANG_ANALYZER_NUMBER_OBJECT_CONVERSION = YES_AGGRESSIVE;
				CLANG_CXX_LANGUAGE_STANDARD = "gnu++14";
				CLANG_CXX_LIBRARY = "libc++";
				CLANG_ENABLE_MODULES = YES;
				CLANG_ENABLE_OBJC_ARC = YES;
				CLANG_ENABLE_OBJC_WEAK = YES;
				CLANG_WARN_BLOCK_CAPTURE_AUTORELEASING = YES;
				CLANG_WARN_BOOL_CONVERSION = YES;
				CLANG_WARN_COMMA = YES;
				CLANG_WARN_CONSTANT_CONVERSION = YES;
				CLANG_WARN_DEPRECATED_OBJC_IMPLEMENTATIONS = YES;
				CLANG_WARN_DIRECT_OBJC_ISA_USAGE = YES_ERROR;
				CLANG_WARN_DOCUMENTATION_COMMENTS = YES;
				CLANG_WARN_EMPTY_BODY = YES;
				CLANG_WARN_ENUM_CONVERSION = YES;
				CLANG_WARN_INFINITE_RECURSION = YES;
				CLANG_WARN_INT_CONVERSION = YES;
				CLANG_WARN_NON_LITERAL_NULL_CONVERSION = YES;
				CLANG_WARN_OBJC_IMPLICIT_RETAIN_SELF = YES;
				CLANG_WARN_OBJC_LITERAL_CONVERSION = YES;
				CLANG_WARN_OBJC_ROOT_CLASS = YES_ERROR;
				CLANG_WARN_RANGE_LOOP_ANALYSIS = YES;
				CLANG_WARN_STRICT_PROTOTYPES = YES;
				CLANG_WARN_SUSPICIOUS_MOVE = YES;
				CLANG_WARN_UNGUARDED_AVAILABILITY = YES_AGGRESSIVE;
				CLANG_WARN_UNREACHABLE_CODE = YES;
				CLANG_WARN__DUPLICATE_METHOD_MATCH = YES;
				COPY_PHASE_STRIP = NO;
				CURRENT_PROJECT_VERSION = 1;
				DEBUG_INFORMATION_FORMAT = "dwarf-with-dsym";
				ENABLE_NS_ASSERTIONS = NO;
				ENABLE_STRICT_OBJC_MSGSEND = YES;
				GCC_C_LANGUAGE_STANDARD = gnu11;
				GCC_NO_COMMON_BLOCKS = YES;
				GCC_WARN_64_TO_32_BIT_CONVERSION = YES;
				GCC_WARN_ABOUT_RETURN_TYPE = YES_ERROR;
				GCC_WARN_UNDECLARED_SELECTOR = YES;
				GCC_WARN_UNINITIALIZED_AUTOS = YES_AGGRESSIVE;
				GCC_WARN_UNUSED_FUNCTION = YES;
				GCC_WARN_UNUSED_VARIABLE = YES;
				IPHONEOS_DEPLOYMENT_TARGET = 13.2;
				MTL_ENABLE_DEBUG_INFO = NO;
				MTL_FAST_MATH = YES;
				SDKROOT = iphoneos;
				SWIFT_COMPILATION_MODE = wholemodule;
				SWIFT_OPTIMIZATION_LEVEL = "-O";
				VALIDATE_PRODUCT = YES;
				VERSIONING_SYSTEM = "apple-generic";
				VERSION_INFO_PREFIX = "";
			};
			name = Release;
		};
		C133E2CB23E97D17002758A5 /* Debug */ = {
			isa = XCBuildConfiguration;
			buildSettings = {
				CODE_SIGN_STYLE = Automatic;
				DEFINES_MODULE = YES;
				DYLIB_COMPATIBILITY_VERSION = 1;
				DYLIB_CURRENT_VERSION = 1;
				DYLIB_INSTALL_NAME_BASE = "@rpath";
				INFOPLIST_FILE = YMVideoPlayer/Info.plist;
				INSTALL_PATH = "$(LOCAL_LIBRARY_DIR)/Frameworks";
				IPHONEOS_DEPLOYMENT_TARGET = 10.0;
				LD_RUNPATH_SEARCH_PATHS = (
					"$(inherited)",
					"@executable_path/Frameworks",
					"@loader_path/Frameworks",
				);
				PRODUCT_BUNDLE_IDENTIFIER = com.my.YMVideoPlayer;
				PRODUCT_NAME = "$(TARGET_NAME:c99extidentifier)";
				SKIP_INSTALL = YES;
				SWIFT_VERSION = 5.0;
				TARGETED_DEVICE_FAMILY = "1,2";
			};
			name = Debug;
		};
		C133E2CC23E97D17002758A5 /* Release */ = {
			isa = XCBuildConfiguration;
			buildSettings = {
				CODE_SIGN_STYLE = Automatic;
				DEFINES_MODULE = YES;
				DYLIB_COMPATIBILITY_VERSION = 1;
				DYLIB_CURRENT_VERSION = 1;
				DYLIB_INSTALL_NAME_BASE = "@rpath";
				INFOPLIST_FILE = YMVideoPlayer/Info.plist;
				INSTALL_PATH = "$(LOCAL_LIBRARY_DIR)/Frameworks";
				IPHONEOS_DEPLOYMENT_TARGET = 10.0;
				LD_RUNPATH_SEARCH_PATHS = (
					"$(inherited)",
					"@executable_path/Frameworks",
					"@loader_path/Frameworks",
				);
				PRODUCT_BUNDLE_IDENTIFIER = com.my.YMVideoPlayer;
				PRODUCT_NAME = "$(TARGET_NAME:c99extidentifier)";
				SKIP_INSTALL = YES;
				SWIFT_VERSION = 5.0;
				TARGETED_DEVICE_FAMILY = "1,2";
			};
			name = Release;
		};
/* End XCBuildConfiguration section */

/* Begin XCConfigurationList section */
		C133E2BC23E97D17002758A5 /* Build configuration list for PBXProject "YMVideoPlayer" */ = {
			isa = XCConfigurationList;
			buildConfigurations = (
				C133E2C823E97D17002758A5 /* Debug */,
				C133E2C923E97D17002758A5 /* Release */,
			);
			defaultConfigurationIsVisible = 0;
			defaultConfigurationName = Release;
		};
		C133E2CA23E97D17002758A5 /* Build configuration list for PBXNativeTarget "YMVideoPlayer" */ = {
			isa = XCConfigurationList;
			buildConfigurations = (
				C133E2CB23E97D17002758A5 /* Debug */,
				C133E2CC23E97D17002758A5 /* Release */,
			);
			defaultConfigurationIsVisible = 0;
			defaultConfigurationName = Release;
		};
/* End XCConfigurationList section */
	};
	rootObject = C133E2B923E97D17002758A5 /* Project object */;
}
